
Microsoft Visual Studio Solution File, Format Version 12.00
# Visual Studio Version 17
VisualStudioVersion = 17.4.33205.214
MinimumVisualStudioVersion = 10.0.40219.1
Project("{888888A0-9F3D-457C-B088-3A5042F75D52}") = "Registreerimine ja autoriseerimine_Konjajev", "Registreerimine ja autoriseerimine_Konjajev\Registreerimine ja autoriseerimine_Konjajev.pyproj", "{97B1B4DD-D842-4CAE-BD6D-0E12D5F3EE1A}"
EndProject
Global
	GlobalSection(SolutionConfigurationPlatforms) = preSolution
		Debug|Any CPU = Debug|Any CPU
		Release|Any CPU = Release|Any CPU
	EndGlobalSection
	GlobalSection(ProjectConfigurationPlatforms) = postSolution
		{97B1B4DD-D842-4CAE-BD6D-0E12D5F3EE1A}.Debug|Any CPU.ActiveCfg = Debug|Any CPU
		{97B1B4DD-D842-4CAE-BD6D-0E12D5F3EE1A}.Release|Any CPU.ActiveCfg = Release|Any CPU
	EndGlobalSection
	GlobalSection(SolutionProperties) = preSolution
		HideSolutionNode = FALSE
	EndGlobalSection
	GlobalSection(ExtensibilityGlobals) = postSolution
		SolutionGuid = {77C374C3-8645-44E1-A11B-A87E6DA6D019}
	EndGlobalSection
EndGlobal
